
Microsoft Visual Studio Solution File, Format Version 12.00
# Visual Studio Version 17
VisualStudioVersion = 17.3.32825.248
MinimumVisualStudioVersion = 10.0.40219.1
Project("{FAE04EC0-301F-11D3-BF4B-00C04F79EFBC}") = "z1", "Exercise 9 (Day10)\z1.csproj", "{33F4F349-2ABC-4CFA-A549-628D7A28E537}"
EndProject
Project("{FAE04EC0-301F-11D3-BF4B-00C04F79EFBC}") = "z2", "z2\z2.csproj", "{635B50B8-F154-499B-AAA5-5C337794A399}"
EndProject
Global
	GlobalSection(SolutionConfigurationPlatforms) = preSolution
		Debug|Any CPU = Debug|Any CPU
		Release|Any CPU = Release|Any CPU
	EndGlobalSection
	GlobalSection(ProjectConfigurationPlatforms) = postSolution
		{33F4F349-2ABC-4CFA-A549-628D7A28E537}.Debug|Any CPU.ActiveCfg = Debug|Any CPU
		{33F4F349-2ABC-4CFA-A549-628D7A28E537}.Debug|Any CPU.Build.0 = Debug|Any CPU
		{33F4F349-2ABC-4CFA-A549-628D7A28E537}.Release|Any CPU.ActiveCfg = Release|Any CPU
		{33F4F349-2ABC-4CFA-A549-628D7A28E537}.Release|Any CPU.Build.0 = Release|Any CPU
		{635B50B8-F154-499B-AAA5-5C337794A399}.Debug|Any CPU.ActiveCfg = Debug|Any CPU
		{635B50B8-F154-499B-AAA5-5C337794A399}.Debug|Any CPU.Build.0 = Debug|Any CPU
		{635B50B8-F154-499B-AAA5-5C337794A399}.Release|Any CPU.ActiveCfg = Release|Any CPU
		{635B50B8-F154-499B-AAA5-5C337794A399}.Release|Any CPU.Build.0 = Release|Any CPU
	EndGlobalSection
	GlobalSection(SolutionProperties) = preSolution
		HideSolutionNode = FALSE
	EndGlobalSection
	GlobalSection(ExtensibilityGlobals) = postSolution
		SolutionGuid = {5F913FFB-09ED-4637-9189-D0C20EC8F49A}
	EndGlobalSection
EndGlobal
